{
  "version": 4,
  "terraform_version": "1.5.7",
  "serial": 19,
  "lineage": "21429716-286a-ccf6-3184-cd31e1eb1c4e",
  "outputs": {},
  "resources": [
    {
      "mode": "managed",
      "type": "azapi_resource",
      "name": "mg",
      "provider": "provider[\"registry.terraform.io/azure/azapi\"]",
      "instances": [
        {
          "schema_version": 1,
          "attributes": {
            "body": {
              "value": {
                "properties": {
                  "displayName": "papliba-tf"
                }
              },
              "type": [
                "object",
                {
                  "properties": [
                    "object",
                    {
                      "displayName": "string"
                    }
                  ]
                }
              ]
            },
            "id": "/providers/Microsoft.Management/managementGroups/papliba-tf",
            "identity": [],
            "ignore_body_changes": null,
            "ignore_casing": false,
            "ignore_missing_property": true,
            "location": null,
            "locks": null,
            "name": "papliba-tf",
            "output": {
              "value": {},
              "type": [
                "object",
                {}
              ]
            },
            "parent_id": "/",
            "removing_special_chars": false,
            "response_export_values": null,
            "schema_validation_enabled": true,
            "tags": null,
            "timeouts": null,
            "type": "Microsoft.Management/managementGroups@2023-04-01"
          },
          "sensitive_attributes": []
        }
      ]
    },
    {
      "mode": "managed",
      "type": "azapi_resource",
      "name": "testmg",
      "provider": "provider[\"registry.terraform.io/azure/azapi\"]",
      "instances": [
        {
          "schema_version": 1,
          "attributes": {
            "body": {
              "value": {
                "properties": {
                  "details": {
                    "parent": {
                      "id": "/providers/Microsoft.Management/managementGroups/papliba-tf"
                    }
                  },
                  "displayName": "landing-zones"
                }
              },
              "type": [
                "object",
                {
                  "properties": [
                    "object",
                    {
                      "details": [
                        "object",
                        {
                          "parent": [
                            "object",
                            {
                              "id": "string"
                            }
                          ]
                        }
                      ],
                      "displayName": "string"
                    }
                  ]
                }
              ]
            },
            "id": "/providers/Microsoft.Management/managementGroups/landing-zones-test",
            "identity": [],
            "ignore_body_changes": null,
            "ignore_casing": false,
            "ignore_missing_property": true,
            "location": null,
            "locks": null,
            "name": "landing-zones-test",
            "output": {
              "value": {},
              "type": [
                "object",
                {}
              ]
            },
            "parent_id": "/",
            "removing_special_chars": false,
            "response_export_values": null,
            "schema_validation_enabled": true,
            "tags": null,
            "timeouts": null,
            "type": "Microsoft.Management/managementGroups@2023-04-01"
          },
          "sensitive_attributes": [],
          "dependencies": [
            "azapi_resource.mg"
          ]
        }
      ]
    }
  ],
  "check_results": null
}
