{
  "version": 4,
  "terraform_version": "1.5.7",
  "serial": 26,
  "lineage": "2f002348-0516-65d3-8fef-2a5882915d34",
  "outputs": {},
  "resources": [
    {
      "mode": "managed",
      "type": "azapi_resource",
      "name": "connectivity_mg",
      "provider": "provider[\"registry.terraform.io/azure/azapi\"]",
      "instances": [
        {
          "schema_version": 1,
          "attributes": {
            "body": {
              "value": {
                "properties": {
                  "details": {
                    "parent": {
                      "id": "/providers/Microsoft.Management/managementGroups/platform-tf"
                    }
                  },
                  "displayName": "connectivity-tf"
                }
              },
              "type": [
                "object",
                {
                  "properties": [
                    "object",
                    {
                      "details": [
                        "object",
                        {
                          "parent": [
                            "object",
                            {
                              "id": "string"
                            }
                          ]
                        }
                      ],
                      "displayName": "string"
                    }
                  ]
                }
              ]
            },
            "id": "/providers/Microsoft.Management/managementGroups/connectivity-tf",
            "identity": [],
            "ignore_body_changes": null,
            "ignore_casing": false,
            "ignore_missing_property": true,
            "location": null,
            "locks": null,
            "name": "connectivity-tf",
            "output": {
              "value": {},
              "type": [
                "object",
                {}
              ]
            },
            "parent_id": "/",
            "removing_special_chars": false,
            "response_export_values": null,
            "schema_validation_enabled": true,
            "tags": null,
            "timeouts": null,
            "type": "Microsoft.Management/managementGroups@2023-04-01"
          },
          "sensitive_attributes": [],
          "dependencies": [
            "azapi_resource.platform_mg",
            "azapi_resource.root_mg"
          ]
        }
      ]
    },
    {
      "mode": "managed",
      "type": "azapi_resource",
      "name": "corp_mg",
      "provider": "provider[\"registry.terraform.io/azure/azapi\"]",
      "instances": [
        {
          "schema_version": 1,
          "attributes": {
            "body": {
              "value": {
                "properties": {
                  "details": {
                    "parent": {
                      "id": "/providers/Microsoft.Management/managementGroups/landing-zones-tf"
                    }
                  },
                  "displayName": "corp-tf"
                }
              },
              "type": [
                "object",
                {
                  "properties": [
                    "object",
                    {
                      "details": [
                        "object",
                        {
                          "parent": [
                            "object",
                            {
                              "id": "string"
                            }
                          ]
                        }
                      ],
                      "displayName": "string"
                    }
                  ]
                }
              ]
            },
            "id": "/providers/Microsoft.Management/managementGroups/corp-tf",
            "identity": [],
            "ignore_body_changes": null,
            "ignore_casing": false,
            "ignore_missing_property": true,
            "location": null,
            "locks": null,
            "name": "corp-tf",
            "output": {
              "value": {},
              "type": [
                "object",
                {}
              ]
            },
            "parent_id": "/",
            "removing_special_chars": false,
            "response_export_values": null,
            "schema_validation_enabled": true,
            "tags": null,
            "timeouts": null,
            "type": "Microsoft.Management/managementGroups@2023-04-01"
          },
          "sensitive_attributes": [],
          "dependencies": [
            "azapi_resource.landingzones_mg"
          ]
        }
      ]
    },
    {
      "mode": "managed",
      "type": "azapi_resource",
      "name": "decommisioned_mg",
      "provider": "provider[\"registry.terraform.io/azure/azapi\"]",
      "instances": [
        {
          "schema_version": 1,
          "attributes": {
            "body": {
              "value": {
                "properties": {
                  "details": {
                    "parent": {
                      "id": "/providers/Microsoft.Management/managementGroups/papliba-tf"
                    }
                  },
                  "displayName": "decommisioned-tf"
                }
              },
              "type": [
                "object",
                {
                  "properties": [
                    "object",
                    {
                      "details": [
                        "object",
                        {
                          "parent": [
                            "object",
                            {
                              "id": "string"
                            }
                          ]
                        }
                      ],
                      "displayName": "string"
                    }
                  ]
                }
              ]
            },
            "id": "/providers/Microsoft.Management/managementGroups/decommisioned-tf",
            "identity": [],
            "ignore_body_changes": null,
            "ignore_casing": false,
            "ignore_missing_property": true,
            "location": null,
            "locks": null,
            "name": "decommisioned-tf",
            "output": {
              "value": {},
              "type": [
                "object",
                {}
              ]
            },
            "parent_id": "/",
            "removing_special_chars": false,
            "response_export_values": null,
            "schema_validation_enabled": true,
            "tags": null,
            "timeouts": null,
            "type": "Microsoft.Management/managementGroups@2023-04-01"
          },
          "sensitive_attributes": [],
          "dependencies": [
            "azapi_resource.root_mg"
          ]
        }
      ]
    },
    {
      "mode": "managed",
      "type": "azapi_resource",
      "name": "identity_mg",
      "provider": "provider[\"registry.terraform.io/azure/azapi\"]",
      "instances": [
        {
          "schema_version": 1,
          "attributes": {
            "body": {
              "value": {
                "properties": {
                  "details": {
                    "parent": {
                      "id": "/providers/Microsoft.Management/managementGroups/platform-tf"
                    }
                  },
                  "displayName": "identity-tf"
                }
              },
              "type": [
                "object",
                {
                  "properties": [
                    "object",
                    {
                      "details": [
                        "object",
                        {
                          "parent": [
                            "object",
                            {
                              "id": "string"
                            }
                          ]
                        }
                      ],
                      "displayName": "string"
                    }
                  ]
                }
              ]
            },
            "id": "/providers/Microsoft.Management/managementGroups/identity-tf",
            "identity": [],
            "ignore_body_changes": null,
            "ignore_casing": false,
            "ignore_missing_property": true,
            "location": null,
            "locks": null,
            "name": "identity-tf",
            "output": {
              "value": {},
              "type": [
                "object",
                {}
              ]
            },
            "parent_id": "/",
            "removing_special_chars": false,
            "response_export_values": null,
            "schema_validation_enabled": true,
            "tags": null,
            "timeouts": null,
            "type": "Microsoft.Management/managementGroups@2023-04-01"
          },
          "sensitive_attributes": [],
          "dependencies": [
            "azapi_resource.platform_mg",
            "azapi_resource.root_mg"
          ]
        }
      ]
    },
    {
      "mode": "managed",
      "type": "azapi_resource",
      "name": "landingzones_mg",
      "provider": "provider[\"registry.terraform.io/azure/azapi\"]",
      "instances": [
        {
          "schema_version": 1,
          "attributes": {
            "body": {
              "value": {
                "properties": {
                  "details": {
                    "parent": {
                      "id": "/providers/Microsoft.Management/managementGroups/papliba-tf"
                    }
                  },
                  "displayName": "landing-zones-tf"
                }
              },
              "type": [
                "object",
                {
                  "properties": [
                    "object",
                    {
                      "details": [
                        "object",
                        {
                          "parent": [
                            "object",
                            {
                              "id": "string"
                            }
                          ]
                        }
                      ],
                      "displayName": "string"
                    }
                  ]
                }
              ]
            },
            "id": "/providers/Microsoft.Management/managementGroups/landing-zones-tf",
            "identity": [],
            "ignore_body_changes": null,
            "ignore_casing": false,
            "ignore_missing_property": true,
            "location": null,
            "locks": null,
            "name": "landing-zones-tf",
            "output": {
              "value": {},
              "type": [
                "object",
                {}
              ]
            },
            "parent_id": "/",
            "removing_special_chars": false,
            "response_export_values": null,
            "schema_validation_enabled": true,
            "tags": null,
            "timeouts": null,
            "type": "Microsoft.Management/managementGroups@2023-04-01"
          },
          "sensitive_attributes": [],
          "dependencies": [
            "azapi_resource.root_mg"
          ]
        }
      ]
    },
    {
      "mode": "managed",
      "type": "azapi_resource",
      "name": "management_mg",
      "provider": "provider[\"registry.terraform.io/azure/azapi\"]",
      "instances": [
        {
          "schema_version": 1,
          "attributes": {
            "body": {
              "value": {
                "properties": {
                  "details": {
                    "parent": {
                      "id": "/providers/Microsoft.Management/managementGroups/platform-tf"
                    }
                  },
                  "displayName": "management-tf"
                }
              },
              "type": [
                "object",
                {
                  "properties": [
                    "object",
                    {
                      "details": [
                        "object",
                        {
                          "parent": [
                            "object",
                            {
                              "id": "string"
                            }
                          ]
                        }
                      ],
                      "displayName": "string"
                    }
                  ]
                }
              ]
            },
            "id": "/providers/Microsoft.Management/managementGroups/management-tf",
            "identity": [],
            "ignore_body_changes": null,
            "ignore_casing": false,
            "ignore_missing_property": true,
            "location": null,
            "locks": null,
            "name": "management-tf",
            "output": {
              "value": {},
              "type": [
                "object",
                {}
              ]
            },
            "parent_id": "/",
            "removing_special_chars": false,
            "response_export_values": null,
            "schema_validation_enabled": true,
            "tags": null,
            "timeouts": null,
            "type": "Microsoft.Management/managementGroups@2023-04-01"
          },
          "sensitive_attributes": [],
          "dependencies": [
            "azapi_resource.platform_mg",
            "azapi_resource.root_mg"
          ]
        }
      ]
    },
    {
      "mode": "managed",
      "type": "azapi_resource",
      "name": "online_mg",
      "provider": "provider[\"registry.terraform.io/azure/azapi\"]",
      "instances": [
        {
          "schema_version": 1,
          "attributes": {
            "body": {
              "value": {
                "properties": {
                  "details": {
                    "parent": {
                      "id": "/providers/Microsoft.Management/managementGroups/landing-zones-tf"
                    }
                  },
                  "displayName": "online-tf"
                }
              },
              "type": [
                "object",
                {
                  "properties": [
                    "object",
                    {
                      "details": [
                        "object",
                        {
                          "parent": [
                            "object",
                            {
                              "id": "string"
                            }
                          ]
                        }
                      ],
                      "displayName": "string"
                    }
                  ]
                }
              ]
            },
            "id": "/providers/Microsoft.Management/managementGroups/online-tf",
            "identity": [],
            "ignore_body_changes": null,
            "ignore_casing": false,
            "ignore_missing_property": true,
            "location": null,
            "locks": null,
            "name": "online-tf",
            "output": {
              "value": {},
              "type": [
                "object",
                {}
              ]
            },
            "parent_id": "/",
            "removing_special_chars": false,
            "response_export_values": null,
            "schema_validation_enabled": true,
            "tags": null,
            "timeouts": null,
            "type": "Microsoft.Management/managementGroups@2023-04-01"
          },
          "sensitive_attributes": [],
          "dependencies": [
            "azapi_resource.landingzones_mg"
          ]
        }
      ]
    },
    {
      "mode": "managed",
      "type": "azapi_resource",
      "name": "platform_mg",
      "provider": "provider[\"registry.terraform.io/azure/azapi\"]",
      "instances": [
        {
          "schema_version": 1,
          "attributes": {
            "body": {
              "value": {
                "properties": {
                  "details": {
                    "parent": {
                      "id": "/providers/Microsoft.Management/managementGroups/papliba-tf"
                    }
                  },
                  "displayName": "platform-tf"
                }
              },
              "type": [
                "object",
                {
                  "properties": [
                    "object",
                    {
                      "details": [
                        "object",
                        {
                          "parent": [
                            "object",
                            {
                              "id": "string"
                            }
                          ]
                        }
                      ],
                      "displayName": "string"
                    }
                  ]
                }
              ]
            },
            "id": "/providers/Microsoft.Management/managementGroups/platform-tf",
            "identity": [],
            "ignore_body_changes": null,
            "ignore_casing": false,
            "ignore_missing_property": true,
            "location": null,
            "locks": null,
            "name": "platform-tf",
            "output": {
              "value": {},
              "type": [
                "object",
                {}
              ]
            },
            "parent_id": "/",
            "removing_special_chars": false,
            "response_export_values": null,
            "schema_validation_enabled": true,
            "tags": null,
            "timeouts": null,
            "type": "Microsoft.Management/managementGroups@2023-04-01"
          },
          "sensitive_attributes": [],
          "dependencies": [
            "azapi_resource.root_mg"
          ]
        }
      ]
    },
    {
      "mode": "managed",
      "type": "azapi_resource",
      "name": "root_mg",
      "provider": "provider[\"registry.terraform.io/azure/azapi\"]",
      "instances": [
        {
          "schema_version": 1,
          "attributes": {
            "body": {
              "value": {
                "properties": {
                  "displayName": "papliba-tf"
                }
              },
              "type": [
                "object",
                {
                  "properties": [
                    "object",
                    {
                      "displayName": "string"
                    }
                  ]
                }
              ]
            },
            "id": "/providers/Microsoft.Management/managementGroups/papliba-tf",
            "identity": [],
            "ignore_body_changes": null,
            "ignore_casing": false,
            "ignore_missing_property": true,
            "location": null,
            "locks": null,
            "name": "papliba-tf",
            "output": {
              "value": {},
              "type": [
                "object",
                {}
              ]
            },
            "parent_id": "/",
            "removing_special_chars": false,
            "response_export_values": null,
            "schema_validation_enabled": true,
            "tags": null,
            "timeouts": null,
            "type": "Microsoft.Management/managementGroups@2023-04-01"
          },
          "sensitive_attributes": []
        }
      ]
    },
    {
      "mode": "managed",
      "type": "azapi_resource",
      "name": "sandbox_mg",
      "provider": "provider[\"registry.terraform.io/azure/azapi\"]",
      "instances": [
        {
          "schema_version": 1,
          "attributes": {
            "body": {
              "value": {
                "properties": {
                  "details": {
                    "parent": {
                      "id": "/providers/Microsoft.Management/managementGroups/papliba-tf"
                    }
                  },
                  "displayName": "sandbox-tf"
                }
              },
              "type": [
                "object",
                {
                  "properties": [
                    "object",
                    {
                      "details": [
                        "object",
                        {
                          "parent": [
                            "object",
                            {
                              "id": "string"
                            }
                          ]
                        }
                      ],
                      "displayName": "string"
                    }
                  ]
                }
              ]
            },
            "id": "/providers/Microsoft.Management/managementGroups/sandbox-tf",
            "identity": [],
            "ignore_body_changes": null,
            "ignore_casing": false,
            "ignore_missing_property": true,
            "location": null,
            "locks": null,
            "name": "sandbox-tf",
            "output": {
              "value": {},
              "type": [
                "object",
                {}
              ]
            },
            "parent_id": "/",
            "removing_special_chars": false,
            "response_export_values": null,
            "schema_validation_enabled": true,
            "tags": null,
            "timeouts": null,
            "type": "Microsoft.Management/managementGroups@2023-04-01"
          },
          "sensitive_attributes": [],
          "dependencies": [
            "azapi_resource.root_mg"
          ]
        }
      ]
    },
    {
      "mode": "managed",
      "type": "azapi_resource",
      "name": "security_mg",
      "provider": "provider[\"registry.terraform.io/azure/azapi\"]",
      "instances": [
        {
          "schema_version": 1,
          "attributes": {
            "body": {
              "value": {
                "properties": {
                  "details": {
                    "parent": {
                      "id": "/providers/Microsoft.Management/managementGroups/platform-tf"
                    }
                  },
                  "displayName": "security-tf"
                }
              },
              "type": [
                "object",
                {
                  "properties": [
                    "object",
                    {
                      "details": [
                        "object",
                        {
                          "parent": [
                            "object",
                            {
                              "id": "string"
                            }
                          ]
                        }
                      ],
                      "displayName": "string"
                    }
                  ]
                }
              ]
            },
            "id": "/providers/Microsoft.Management/managementGroups/security-tf",
            "identity": [],
            "ignore_body_changes": null,
            "ignore_casing": false,
            "ignore_missing_property": true,
            "location": null,
            "locks": null,
            "name": "security-tf",
            "output": {
              "value": {},
              "type": [
                "object",
                {}
              ]
            },
            "parent_id": "/",
            "removing_special_chars": false,
            "response_export_values": null,
            "schema_validation_enabled": true,
            "tags": null,
            "timeouts": null,
            "type": "Microsoft.Management/managementGroups@2023-04-01"
          },
          "sensitive_attributes": [],
          "dependencies": [
            "azapi_resource.platform_mg",
            "azapi_resource.root_mg"
          ]
        }
      ]
    }
  ],
  "check_results": null
}
