{
  "version": 4,
  "terraform_version": "1.5.7",
  "serial": 12,
  "lineage": "e600f499-4c8c-4d33-2fd4-168b59737fe6",
  "outputs": {},
  "resources": [
    {
      "mode": "managed",
      "type": "azurerm_management_group",
      "name": "connectivity_mg",
      "provider": "provider[\"registry.terraform.io/hashicorp/azurerm\"]",
      "instances": [
        {
          "schema_version": 0,
          "attributes": {
            "display_name": "connectivity-tf-azurerm",
            "id": "/providers/Microsoft.Management/managementGroups/connectivity-tf-azurerm",
            "name": "connectivity-tf-azurerm",
            "parent_management_group_id": "/providers/Microsoft.Management/managementGroups/platform-tf-azurerm",
            "subscription_ids": [],
            "tenant_scoped_id": "/tenants/c0f414ff-9e2d-4011-929c-fe21ed71b218/providers/Microsoft.Management/managementGroups/connectivity-tf-azurerm",
            "timeouts": null
          },
          "sensitive_attributes": [],
          "private": "eyJlMmJmYjczMC1lY2FhLTExZTYtOGY4OC0zNDM2M2JjN2M0YzAiOnsiY3JlYXRlIjoxODAwMDAwMDAwMDAwLCJkZWxldGUiOjE4MDAwMDAwMDAwMDAsInJlYWQiOjMwMDAwMDAwMDAwMCwidXBkYXRlIjoxODAwMDAwMDAwMDAwfX0=",
          "dependencies": [
            "azurerm_management_group.platform_mg",
            "azurerm_management_group.root_mg"
          ]
        }
      ]
    },
    {
      "mode": "managed",
      "type": "azurerm_management_group",
      "name": "corp_mg",
      "provider": "provider[\"registry.terraform.io/hashicorp/azurerm\"]",
      "instances": [
        {
          "schema_version": 0,
          "attributes": {
            "display_name": "corp-tf-azurerm",
            "id": "/providers/Microsoft.Management/managementGroups/corp-tf-azurerm",
            "name": "corp-tf-azurerm",
            "parent_management_group_id": "/providers/Microsoft.Management/managementGroups/landing-zones-tf-azurerm",
            "subscription_ids": [],
            "tenant_scoped_id": "/tenants/c0f414ff-9e2d-4011-929c-fe21ed71b218/providers/Microsoft.Management/managementGroups/corp-tf-azurerm",
            "timeouts": null
          },
          "sensitive_attributes": [],
          "private": "eyJlMmJmYjczMC1lY2FhLTExZTYtOGY4OC0zNDM2M2JjN2M0YzAiOnsiY3JlYXRlIjoxODAwMDAwMDAwMDAwLCJkZWxldGUiOjE4MDAwMDAwMDAwMDAsInJlYWQiOjMwMDAwMDAwMDAwMCwidXBkYXRlIjoxODAwMDAwMDAwMDAwfX0=",
          "dependencies": [
            "azurerm_management_group.landingzones_mg",
            "azurerm_management_group.root_mg"
          ]
        }
      ]
    },
    {
      "mode": "managed",
      "type": "azurerm_management_group",
      "name": "decommisioned_mg",
      "provider": "provider[\"registry.terraform.io/hashicorp/azurerm\"]",
      "instances": [
        {
          "schema_version": 0,
          "attributes": {
            "display_name": "decommisioned-tf-azurerm",
            "id": "/providers/Microsoft.Management/managementGroups/decommisioned-tf-azurerm",
            "name": "decommisioned-tf-azurerm",
            "parent_management_group_id": "/providers/Microsoft.Management/managementGroups/papliba-tf-azurerm",
            "subscription_ids": [],
            "tenant_scoped_id": "/tenants/c0f414ff-9e2d-4011-929c-fe21ed71b218/providers/Microsoft.Management/managementGroups/decommisioned-tf-azurerm",
            "timeouts": null
          },
          "sensitive_attributes": [],
          "private": "eyJlMmJmYjczMC1lY2FhLTExZTYtOGY4OC0zNDM2M2JjN2M0YzAiOnsiY3JlYXRlIjoxODAwMDAwMDAwMDAwLCJkZWxldGUiOjE4MDAwMDAwMDAwMDAsInJlYWQiOjMwMDAwMDAwMDAwMCwidXBkYXRlIjoxODAwMDAwMDAwMDAwfX0=",
          "dependencies": [
            "azurerm_management_group.root_mg"
          ]
        }
      ]
    },
    {
      "mode": "managed",
      "type": "azurerm_management_group",
      "name": "identity_mg",
      "provider": "provider[\"registry.terraform.io/hashicorp/azurerm\"]",
      "instances": [
        {
          "schema_version": 0,
          "attributes": {
            "display_name": "identity-tf-azurerm",
            "id": "/providers/Microsoft.Management/managementGroups/identity-tf-azurerm",
            "name": "identity-tf-azurerm",
            "parent_management_group_id": "/providers/Microsoft.Management/managementGroups/platform-tf-azurerm",
            "subscription_ids": [],
            "tenant_scoped_id": "/tenants/c0f414ff-9e2d-4011-929c-fe21ed71b218/providers/Microsoft.Management/managementGroups/identity-tf-azurerm",
            "timeouts": null
          },
          "sensitive_attributes": [],
          "private": "eyJlMmJmYjczMC1lY2FhLTExZTYtOGY4OC0zNDM2M2JjN2M0YzAiOnsiY3JlYXRlIjoxODAwMDAwMDAwMDAwLCJkZWxldGUiOjE4MDAwMDAwMDAwMDAsInJlYWQiOjMwMDAwMDAwMDAwMCwidXBkYXRlIjoxODAwMDAwMDAwMDAwfX0=",
          "dependencies": [
            "azurerm_management_group.platform_mg",
            "azurerm_management_group.root_mg"
          ]
        }
      ]
    },
    {
      "mode": "managed",
      "type": "azurerm_management_group",
      "name": "landingzones_mg",
      "provider": "provider[\"registry.terraform.io/hashicorp/azurerm\"]",
      "instances": [
        {
          "schema_version": 0,
          "attributes": {
            "display_name": "landing-zones-tf-azurerm",
            "id": "/providers/Microsoft.Management/managementGroups/landing-zones-tf-azurerm",
            "name": "landing-zones-tf-azurerm",
            "parent_management_group_id": "/providers/Microsoft.Management/managementGroups/papliba-tf-azurerm",
            "subscription_ids": [],
            "tenant_scoped_id": "/tenants/c0f414ff-9e2d-4011-929c-fe21ed71b218/providers/Microsoft.Management/managementGroups/landing-zones-tf-azurerm",
            "timeouts": null
          },
          "sensitive_attributes": [],
          "private": "eyJlMmJmYjczMC1lY2FhLTExZTYtOGY4OC0zNDM2M2JjN2M0YzAiOnsiY3JlYXRlIjoxODAwMDAwMDAwMDAwLCJkZWxldGUiOjE4MDAwMDAwMDAwMDAsInJlYWQiOjMwMDAwMDAwMDAwMCwidXBkYXRlIjoxODAwMDAwMDAwMDAwfX0=",
          "dependencies": [
            "azurerm_management_group.root_mg"
          ]
        }
      ]
    },
    {
      "mode": "managed",
      "type": "azurerm_management_group",
      "name": "management_mg",
      "provider": "provider[\"registry.terraform.io/hashicorp/azurerm\"]",
      "instances": [
        {
          "schema_version": 0,
          "attributes": {
            "display_name": "management-tf-azurerm",
            "id": "/providers/Microsoft.Management/managementGroups/management-tf-azurerm",
            "name": "management-tf-azurerm",
            "parent_management_group_id": "/providers/Microsoft.Management/managementGroups/platform-tf-azurerm",
            "subscription_ids": [],
            "tenant_scoped_id": "/tenants/c0f414ff-9e2d-4011-929c-fe21ed71b218/providers/Microsoft.Management/managementGroups/management-tf-azurerm",
            "timeouts": null
          },
          "sensitive_attributes": [],
          "private": "eyJlMmJmYjczMC1lY2FhLTExZTYtOGY4OC0zNDM2M2JjN2M0YzAiOnsiY3JlYXRlIjoxODAwMDAwMDAwMDAwLCJkZWxldGUiOjE4MDAwMDAwMDAwMDAsInJlYWQiOjMwMDAwMDAwMDAwMCwidXBkYXRlIjoxODAwMDAwMDAwMDAwfX0=",
          "dependencies": [
            "azurerm_management_group.platform_mg",
            "azurerm_management_group.root_mg"
          ]
        }
      ]
    },
    {
      "mode": "managed",
      "type": "azurerm_management_group",
      "name": "online_mg",
      "provider": "provider[\"registry.terraform.io/hashicorp/azurerm\"]",
      "instances": [
        {
          "schema_version": 0,
          "attributes": {
            "display_name": "online-tf-azurerm",
            "id": "/providers/Microsoft.Management/managementGroups/online-tf-azurerm",
            "name": "online-tf-azurerm",
            "parent_management_group_id": "/providers/Microsoft.Management/managementGroups/landing-zones-tf-azurerm",
            "subscription_ids": [],
            "tenant_scoped_id": "/tenants/c0f414ff-9e2d-4011-929c-fe21ed71b218/providers/Microsoft.Management/managementGroups/online-tf-azurerm",
            "timeouts": null
          },
          "sensitive_attributes": [],
          "private": "eyJlMmJmYjczMC1lY2FhLTExZTYtOGY4OC0zNDM2M2JjN2M0YzAiOnsiY3JlYXRlIjoxODAwMDAwMDAwMDAwLCJkZWxldGUiOjE4MDAwMDAwMDAwMDAsInJlYWQiOjMwMDAwMDAwMDAwMCwidXBkYXRlIjoxODAwMDAwMDAwMDAwfX0=",
          "dependencies": [
            "azurerm_management_group.landingzones_mg",
            "azurerm_management_group.root_mg"
          ]
        }
      ]
    },
    {
      "mode": "managed",
      "type": "azurerm_management_group",
      "name": "platform_mg",
      "provider": "provider[\"registry.terraform.io/hashicorp/azurerm\"]",
      "instances": [
        {
          "schema_version": 0,
          "attributes": {
            "display_name": "platform-tf-azurerm",
            "id": "/providers/Microsoft.Management/managementGroups/platform-tf-azurerm",
            "name": "platform-tf-azurerm",
            "parent_management_group_id": "/providers/Microsoft.Management/managementGroups/papliba-tf-azurerm",
            "subscription_ids": [],
            "tenant_scoped_id": "/tenants/c0f414ff-9e2d-4011-929c-fe21ed71b218/providers/Microsoft.Management/managementGroups/platform-tf-azurerm",
            "timeouts": null
          },
          "sensitive_attributes": [],
          "private": "eyJlMmJmYjczMC1lY2FhLTExZTYtOGY4OC0zNDM2M2JjN2M0YzAiOnsiY3JlYXRlIjoxODAwMDAwMDAwMDAwLCJkZWxldGUiOjE4MDAwMDAwMDAwMDAsInJlYWQiOjMwMDAwMDAwMDAwMCwidXBkYXRlIjoxODAwMDAwMDAwMDAwfX0=",
          "dependencies": [
            "azurerm_management_group.root_mg"
          ]
        }
      ]
    },
    {
      "mode": "managed",
      "type": "azurerm_management_group",
      "name": "root_mg",
      "provider": "provider[\"registry.terraform.io/hashicorp/azurerm\"]",
      "instances": [
        {
          "schema_version": 0,
          "attributes": {
            "display_name": "papliba-tf-azurerm",
            "id": "/providers/Microsoft.Management/managementGroups/papliba-tf-azurerm",
            "name": "papliba-tf-azurerm",
            "parent_management_group_id": "/providers/Microsoft.Management/managementGroups/c0f414ff-9e2d-4011-929c-fe21ed71b218",
            "subscription_ids": [],
            "tenant_scoped_id": "/tenants/c0f414ff-9e2d-4011-929c-fe21ed71b218/providers/Microsoft.Management/managementGroups/papliba-tf-azurerm",
            "timeouts": null
          },
          "sensitive_attributes": [],
          "private": "eyJlMmJmYjczMC1lY2FhLTExZTYtOGY4OC0zNDM2M2JjN2M0YzAiOnsiY3JlYXRlIjoxODAwMDAwMDAwMDAwLCJkZWxldGUiOjE4MDAwMDAwMDAwMDAsInJlYWQiOjMwMDAwMDAwMDAwMCwidXBkYXRlIjoxODAwMDAwMDAwMDAwfX0="
        }
      ]
    },
    {
      "mode": "managed",
      "type": "azurerm_management_group",
      "name": "sandbox_mg",
      "provider": "provider[\"registry.terraform.io/hashicorp/azurerm\"]",
      "instances": [
        {
          "schema_version": 0,
          "attributes": {
            "display_name": "sandbox-tf-azurerm",
            "id": "/providers/Microsoft.Management/managementGroups/sandbox-tf-azurerm",
            "name": "sandbox-tf-azurerm",
            "parent_management_group_id": "/providers/Microsoft.Management/managementGroups/papliba-tf-azurerm",
            "subscription_ids": [],
            "tenant_scoped_id": "/tenants/c0f414ff-9e2d-4011-929c-fe21ed71b218/providers/Microsoft.Management/managementGroups/sandbox-tf-azurerm",
            "timeouts": null
          },
          "sensitive_attributes": [],
          "private": "eyJlMmJmYjczMC1lY2FhLTExZTYtOGY4OC0zNDM2M2JjN2M0YzAiOnsiY3JlYXRlIjoxODAwMDAwMDAwMDAwLCJkZWxldGUiOjE4MDAwMDAwMDAwMDAsInJlYWQiOjMwMDAwMDAwMDAwMCwidXBkYXRlIjoxODAwMDAwMDAwMDAwfX0=",
          "dependencies": [
            "azurerm_management_group.root_mg"
          ]
        }
      ]
    },
    {
      "mode": "managed",
      "type": "azurerm_management_group",
      "name": "security_mg",
      "provider": "provider[\"registry.terraform.io/hashicorp/azurerm\"]",
      "instances": [
        {
          "schema_version": 0,
          "attributes": {
            "display_name": "security-tf-azurerm",
            "id": "/providers/Microsoft.Management/managementGroups/security-tf-azurerm",
            "name": "security-tf-azurerm",
            "parent_management_group_id": "/providers/Microsoft.Management/managementGroups/platform-tf-azurerm",
            "subscription_ids": [],
            "tenant_scoped_id": "/tenants/c0f414ff-9e2d-4011-929c-fe21ed71b218/providers/Microsoft.Management/managementGroups/security-tf-azurerm",
            "timeouts": null
          },
          "sensitive_attributes": [],
          "private": "eyJlMmJmYjczMC1lY2FhLTExZTYtOGY4OC0zNDM2M2JjN2M0YzAiOnsiY3JlYXRlIjoxODAwMDAwMDAwMDAwLCJkZWxldGUiOjE4MDAwMDAwMDAwMDAsInJlYWQiOjMwMDAwMDAwMDAwMCwidXBkYXRlIjoxODAwMDAwMDAwMDAwfX0=",
          "dependencies": [
            "azurerm_management_group.platform_mg",
            "azurerm_management_group.root_mg"
          ]
        }
      ]
    }
  ],
  "check_results": null
}
